
Microsoft Visual Studio Solution File, Format Version 12.00
# Visual Studio Version 16
VisualStudioVersion = 16.0.31129.286
MinimumVisualStudioVersion = 10.0.40219.1
Project("{FAE04EC0-301F-11D3-BF4B-00C04F79EFBC}") = "GestaoDeEquipamentos.ConsoleApp", "GestaoDeEquipamentos.ConsoleApp\GestaoDeEquipamentos.ConsoleApp.csproj", "{55CC8AE0-A538-499A-9B84-6CE5F687A42B}"
EndProject
Global
	GlobalSection(SolutionConfigurationPlatforms) = preSolution
		Debug|Any CPU = Debug|Any CPU
		Release|Any CPU = Release|Any CPU
	EndGlobalSection
	GlobalSection(ProjectConfigurationPlatforms) = postSolution
		{55CC8AE0-A538-499A-9B84-6CE5F687A42B}.Debug|Any CPU.ActiveCfg = Debug|Any CPU
		{55CC8AE0-A538-499A-9B84-6CE5F687A42B}.Debug|Any CPU.Build.0 = Debug|Any CPU
		{55CC8AE0-A538-499A-9B84-6CE5F687A42B}.Release|Any CPU.ActiveCfg = Release|Any CPU
		{55CC8AE0-A538-499A-9B84-6CE5F687A42B}.Release|Any CPU.Build.0 = Release|Any CPU
	EndGlobalSection
	GlobalSection(SolutionProperties) = preSolution
		HideSolutionNode = FALSE
	EndGlobalSection
	GlobalSection(ExtensibilityGlobals) = postSolution
		SolutionGuid = {4D5C1BEE-7246-4DEA-8C0B-9EB5471DCC7A}
	EndGlobalSection
EndGlobal
